# THIS IS AN AUTOGENERATED FILE. DO NOT EDIT THIS FILE DIRECTLY.
# yarn lockfile v1


get-youtube-id@^1.0.1:
  version "1.0.1"
  resolved "https://registry.yarnpkg.com/get-youtube-id/-/get-youtube-id-1.0.1.tgz#adb6f475e292d98f98ed5bfb530887656193e157"
  integrity sha512-5yidLzoLXbtw82a/Wb7LrajkGn29BM6JuLWeHyNfzOGp1weGyW4+7eMz6cP23+etqj27VlOFtq8fFFDMLq/FXQ==
